
Microsoft Visual Studio Solution File, Format Version 12.00
# Visual Studio Version 17
VisualStudioVersion = 17.2.32630.192
MinimumVisualStudioVersion = 10.0.40219.1
Project("{FAE04EC0-301F-11D3-BF4B-00C04F79EFBC}") = "Exercicio com classes - 01", "Exercicio com classes - 01\Exercicio com classes - 01.csproj", "{5E8AB440-E423-4F7F-AACA-FAE44AD1CC81}"
EndProject
Global
	GlobalSection(SolutionConfigurationPlatforms) = preSolution
		Debug|Any CPU = Debug|Any CPU
		Release|Any CPU = Release|Any CPU
	EndGlobalSection
	GlobalSection(ProjectConfigurationPlatforms) = postSolution
		{5E8AB440-E423-4F7F-AACA-FAE44AD1CC81}.Debug|Any CPU.ActiveCfg = Debug|Any CPU
		{5E8AB440-E423-4F7F-AACA-FAE44AD1CC81}.Debug|Any CPU.Build.0 = Debug|Any CPU
		{5E8AB440-E423-4F7F-AACA-FAE44AD1CC81}.Release|Any CPU.ActiveCfg = Release|Any CPU
		{5E8AB440-E423-4F7F-AACA-FAE44AD1CC81}.Release|Any CPU.Build.0 = Release|Any CPU
	EndGlobalSection
	GlobalSection(SolutionProperties) = preSolution
		HideSolutionNode = FALSE
	EndGlobalSection
	GlobalSection(ExtensibilityGlobals) = postSolution
		SolutionGuid = {8CA221FE-C29A-43FA-ADA2-163026A45576}
	EndGlobalSection
EndGlobal
