
Microsoft Visual Studio Solution File, Format Version 12.00
# Visual Studio Version 17
VisualStudioVersion = 17.2.32630.192
MinimumVisualStudioVersion = 10.0.40219.1
Project("{FAE04EC0-301F-11D3-BF4B-00C04F79EFBC}") = "098-Exemplo foreach", "098-Exemplo foreach\098-Exemplo foreach.csproj", "{6A5EF290-69E7-4D6D-B978-1C66CC157F3C}"
EndProject
Global
	GlobalSection(SolutionConfigurationPlatforms) = preSolution
		Debug|Any CPU = Debug|Any CPU
		Release|Any CPU = Release|Any CPU
	EndGlobalSection
	GlobalSection(ProjectConfigurationPlatforms) = postSolution
		{6A5EF290-69E7-4D6D-B978-1C66CC157F3C}.Debug|Any CPU.ActiveCfg = Debug|Any CPU
		{6A5EF290-69E7-4D6D-B978-1C66CC157F3C}.Debug|Any CPU.Build.0 = Debug|Any CPU
		{6A5EF290-69E7-4D6D-B978-1C66CC157F3C}.Release|Any CPU.ActiveCfg = Release|Any CPU
		{6A5EF290-69E7-4D6D-B978-1C66CC157F3C}.Release|Any CPU.Build.0 = Release|Any CPU
	EndGlobalSection
	GlobalSection(SolutionProperties) = preSolution
		HideSolutionNode = FALSE
	EndGlobalSection
	GlobalSection(ExtensibilityGlobals) = postSolution
		SolutionGuid = {434202A5-FA35-4982-A1E8-B918F42B44CF}
	EndGlobalSection
EndGlobal
