
Microsoft Visual Studio Solution File, Format Version 12.00
# Visual Studio Version 17
VisualStudioVersion = 17.2.32630.192
MinimumVisualStudioVersion = 10.0.40219.1
Project("{FAE04EC0-301F-11D3-BF4B-00C04F79EFBC}") = "092-Exercicio Vetor + Classe", "092-Exercicio Vetor + Classe\092-Exercicio Vetor + Classe.csproj", "{967D5E7D-A0B5-4131-BF55-D41D48CF5398}"
EndProject
Global
	GlobalSection(SolutionConfigurationPlatforms) = preSolution
		Debug|Any CPU = Debug|Any CPU
		Release|Any CPU = Release|Any CPU
	EndGlobalSection
	GlobalSection(ProjectConfigurationPlatforms) = postSolution
		{967D5E7D-A0B5-4131-BF55-D41D48CF5398}.Debug|Any CPU.ActiveCfg = Debug|Any CPU
		{967D5E7D-A0B5-4131-BF55-D41D48CF5398}.Debug|Any CPU.Build.0 = Debug|Any CPU
		{967D5E7D-A0B5-4131-BF55-D41D48CF5398}.Release|Any CPU.ActiveCfg = Release|Any CPU
		{967D5E7D-A0B5-4131-BF55-D41D48CF5398}.Release|Any CPU.Build.0 = Release|Any CPU
	EndGlobalSection
	GlobalSection(SolutionProperties) = preSolution
		HideSolutionNode = FALSE
	EndGlobalSection
	GlobalSection(ExtensibilityGlobals) = postSolution
		SolutionGuid = {1B559A3F-2606-4142-85E2-5E4D03EB4110}
	EndGlobalSection
EndGlobal
