
Microsoft Visual Studio Solution File, Format Version 12.00
# Visual Studio Version 17
VisualStudioVersion = 17.2.32630.192
MinimumVisualStudioVersion = 10.0.40219.1
Project("{FAE04EC0-301F-11D3-BF4B-00C04F79EFBC}") = "104-Exemplo DateTime", "104-Exemplo DateTime\104-Exemplo DateTime.csproj", "{51906C2D-0997-461E-B74B-6D68814FE4AB}"
EndProject
Global
	GlobalSection(SolutionConfigurationPlatforms) = preSolution
		Debug|Any CPU = Debug|Any CPU
		Release|Any CPU = Release|Any CPU
	EndGlobalSection
	GlobalSection(ProjectConfigurationPlatforms) = postSolution
		{51906C2D-0997-461E-B74B-6D68814FE4AB}.Debug|Any CPU.ActiveCfg = Debug|Any CPU
		{51906C2D-0997-461E-B74B-6D68814FE4AB}.Debug|Any CPU.Build.0 = Debug|Any CPU
		{51906C2D-0997-461E-B74B-6D68814FE4AB}.Release|Any CPU.ActiveCfg = Release|Any CPU
		{51906C2D-0997-461E-B74B-6D68814FE4AB}.Release|Any CPU.Build.0 = Release|Any CPU
	EndGlobalSection
	GlobalSection(SolutionProperties) = preSolution
		HideSolutionNode = FALSE
	EndGlobalSection
	GlobalSection(ExtensibilityGlobals) = postSolution
		SolutionGuid = {C89C659A-FD9A-4CEE-B45F-D6439ABD2277}
	EndGlobalSection
EndGlobal
